
Microsoft Visual Studio Solution File, Format Version 12.00
# Visual Studio Version 17
VisualStudioVersion = 17.3.32811.315
MinimumVisualStudioVersion = 10.0.40219.1
Project("{FAE04EC0-301F-11D3-BF4B-00C04F79EFBC}") = "MoviePicker", "MoviePicker\MoviePicker.csproj", "{623A57BF-D642-440F-9C47-B8FDBB233C9E}"
EndProject
Project("{FAE04EC0-301F-11D3-BF4B-00C04F79EFBC}") = "MoviePickerTests", "MoviePickerTests\MoviePickerTests.csproj", "{97297E7E-70D2-4CFC-A7F0-809630D9B1EC}"
EndProject
Global
	GlobalSection(SolutionConfigurationPlatforms) = preSolution
		Debug|Any CPU = Debug|Any CPU
		Release|Any CPU = Release|Any CPU
	EndGlobalSection
	GlobalSection(ProjectConfigurationPlatforms) = postSolution
		{623A57BF-D642-440F-9C47-B8FDBB233C9E}.Debug|Any CPU.ActiveCfg = Debug|Any CPU
		{623A57BF-D642-440F-9C47-B8FDBB233C9E}.Debug|Any CPU.Build.0 = Debug|Any CPU
		{623A57BF-D642-440F-9C47-B8FDBB233C9E}.Release|Any CPU.ActiveCfg = Release|Any CPU
		{623A57BF-D642-440F-9C47-B8FDBB233C9E}.Release|Any CPU.Build.0 = Release|Any CPU
		{97297E7E-70D2-4CFC-A7F0-809630D9B1EC}.Debug|Any CPU.ActiveCfg = Debug|Any CPU
		{97297E7E-70D2-4CFC-A7F0-809630D9B1EC}.Debug|Any CPU.Build.0 = Debug|Any CPU
		{97297E7E-70D2-4CFC-A7F0-809630D9B1EC}.Release|Any CPU.ActiveCfg = Release|Any CPU
		{97297E7E-70D2-4CFC-A7F0-809630D9B1EC}.Release|Any CPU.Build.0 = Release|Any CPU
	EndGlobalSection
	GlobalSection(SolutionProperties) = preSolution
		HideSolutionNode = FALSE
	EndGlobalSection
	GlobalSection(ExtensibilityGlobals) = postSolution
		SolutionGuid = {FBBDC754-C30B-44F4-8835-0EAE86BE4F00}
	EndGlobalSection
EndGlobal
